
Microsoft Visual Studio Solution File, Format Version 12.00
# Visual Studio Version 17
VisualStudioVersion = 17.11.35327.3
MinimumVisualStudioVersion = 10.0.40219.1
Project("{FAE04EC0-301F-11D3-BF4B-00C04F79EFBC}") = "ToDo", "ToDo\ToDo.csproj", "{4A8589F9-F92E-4CAD-8C37-4990294F1C1E}"
EndProject
Global
	GlobalSection(SolutionConfigurationPlatforms) = preSolution
		Debug|Any CPU = Debug|Any CPU
		Release|Any CPU = Release|Any CPU
	EndGlobalSection
	GlobalSection(ProjectConfigurationPlatforms) = postSolution
		{4A8589F9-F92E-4CAD-8C37-4990294F1C1E}.Debug|Any CPU.ActiveCfg = Debug|Any CPU
		{4A8589F9-F92E-4CAD-8C37-4990294F1C1E}.Debug|Any CPU.Build.0 = Debug|Any CPU
		{4A8589F9-F92E-4CAD-8C37-4990294F1C1E}.Release|Any CPU.ActiveCfg = Release|Any CPU
		{4A8589F9-F92E-4CAD-8C37-4990294F1C1E}.Release|Any CPU.Build.0 = Release|Any CPU
	EndGlobalSection
	GlobalSection(SolutionProperties) = preSolution
		HideSolutionNode = FALSE
	EndGlobalSection
	GlobalSection(ExtensibilityGlobals) = postSolution
		SolutionGuid = {57E553B2-89D4-4EBF-9690-5C52257F123D}
	EndGlobalSection
EndGlobal
